
Microsoft Visual Studio Solution File, Format Version 12.00
# Visual Studio Version 17
VisualStudioVersion = 17.3.32922.545
MinimumVisualStudioVersion = 10.0.40219.1
Project("{9A19103F-16F7-4668-BE54-9A1E7A4F7556}") = "CaseApi", "CaseApi\CaseApi.csproj", "{92E93B4C-CD3E-438E-AD54-BC907F3AAC28}"
EndProject
Project("{FAE04EC0-301F-11D3-BF4B-00C04F79EFBC}") = "CaseWeb", "CaseWeb\CaseWeb.csproj", "{92C0812C-0294-41CD-8AA9-0890A91D3529}"
EndProject
Global
	GlobalSection(SolutionConfigurationPlatforms) = preSolution
		Debug|Any CPU = Debug|Any CPU
		Release|Any CPU = Release|Any CPU
	EndGlobalSection
	GlobalSection(ProjectConfigurationPlatforms) = postSolution
		{92E93B4C-CD3E-438E-AD54-BC907F3AAC28}.Debug|Any CPU.ActiveCfg = Debug|Any CPU
		{92E93B4C-CD3E-438E-AD54-BC907F3AAC28}.Debug|Any CPU.Build.0 = Debug|Any CPU
		{92E93B4C-CD3E-438E-AD54-BC907F3AAC28}.Release|Any CPU.ActiveCfg = Release|Any CPU
		{92E93B4C-CD3E-438E-AD54-BC907F3AAC28}.Release|Any CPU.Build.0 = Release|Any CPU
		{92C0812C-0294-41CD-8AA9-0890A91D3529}.Debug|Any CPU.ActiveCfg = Debug|Any CPU
		{92C0812C-0294-41CD-8AA9-0890A91D3529}.Debug|Any CPU.Build.0 = Debug|Any CPU
		{92C0812C-0294-41CD-8AA9-0890A91D3529}.Release|Any CPU.ActiveCfg = Release|Any CPU
		{92C0812C-0294-41CD-8AA9-0890A91D3529}.Release|Any CPU.Build.0 = Release|Any CPU
	EndGlobalSection
	GlobalSection(SolutionProperties) = preSolution
		HideSolutionNode = FALSE
	EndGlobalSection
	GlobalSection(ExtensibilityGlobals) = postSolution
		SolutionGuid = {6AC0082D-13F1-489B-AA06-DFB07419CE42}
	EndGlobalSection
EndGlobal
